
Microsoft Visual Studio Solution File, Format Version 12.00
# Visual Studio Version 17
VisualStudioVersion = 17.0.31903.59
MinimumVisualStudioVersion = 10.0.40219.1
Project("{2150E333-8FDC-42A3-9474-1A3956D46DE8}") = "src", "src", "{827E0CD3-B72D-47B6-A68D-7590B98EB39B}"
EndProject
Project("{FAE04EC0-301F-11D3-BF4B-00C04F79EFBC}") = "Ihos.Domain", "src\Ihos.Domain\Ihos.Domain.csproj", "{0F0AEE5B-A2B6-4567-AB23-3CAFD39FEF2A}"
EndProject
Project("{FAE04EC0-301F-11D3-BF4B-00C04F79EFBC}") = "Ihos.Application", "src\Ihos.Application\Ihos.Application.csproj", "{905557DB-3AB6-4F4F-8AA5-011FE1B30F34}"
EndProject
Project("{FAE04EC0-301F-11D3-BF4B-00C04F79EFBC}") = "Ihos.Infrastructure", "src\Ihos.Infrastructure\Ihos.Infrastructure.csproj", "{869D0C2A-8EC9-4CB6-A316-78056CA556D2}"
EndProject
Project("{FAE04EC0-301F-11D3-BF4B-00C04F79EFBC}") = "Ihos.API", "src\Ihos.API\Ihos.API.csproj", "{D8853E9C-8A37-4928-B2B3-3B29871B24F9}"
EndProject
Project("{2150E333-8FDC-42A3-9474-1A3956D46DE8}") = "tests", "tests", "{0AB3BF05-4346-4AA6-1389-037BE0695223}"
EndProject
Project("{FAE04EC0-301F-11D3-BF4B-00C04F79EFBC}") = "Ihos.Domain.Tests", "tests\Ihos.Domain.Tests\Ihos.Domain.Tests.csproj", "{8FED3D81-B17C-49F8-920C-78FA3767A831}"
EndProject
Project("{FAE04EC0-301F-11D3-BF4B-00C04F79EFBC}") = "Ihos.Application.Tests", "tests\Ihos.Application.Tests\Ihos.Application.Tests.csproj", "{034FA942-A3CF-4033-97F0-E1F86A6EC365}"
EndProject
Project("{FAE04EC0-301F-11D3-BF4B-00C04F79EFBC}") = "Ihos.Infrastructure.Tests", "tests\Ihos.Infrastructure.Tests\Ihos.Infrastructure.Tests.csproj", "{6DC323D5-1964-47AD-8ED5-35AF6F65A022}"
EndProject
Project("{FAE04EC0-301F-11D3-BF4B-00C04F79EFBC}") = "Ihos.API.IntegrationTests", "tests\Ihos.API.IntegrationTests\Ihos.API.IntegrationTests.csproj", "{527C81E9-AB12-4B84-A13C-AC6963E120BD}"
EndProject
Global
	GlobalSection(SolutionConfigurationPlatforms) = preSolution
		Debug|Any CPU = Debug|Any CPU
		Debug|x64 = Debug|x64
		Debug|x86 = Debug|x86
		Release|Any CPU = Release|Any CPU
		Release|x64 = Release|x64
		Release|x86 = Release|x86
	EndGlobalSection
	GlobalSection(ProjectConfigurationPlatforms) = postSolution
		{0F0AEE5B-A2B6-4567-AB23-3CAFD39FEF2A}.Debug|Any CPU.ActiveCfg = Debug|Any CPU
		{0F0AEE5B-A2B6-4567-AB23-3CAFD39FEF2A}.Debug|Any CPU.Build.0 = Debug|Any CPU
		{0F0AEE5B-A2B6-4567-AB23-3CAFD39FEF2A}.Debug|x64.ActiveCfg = Debug|Any CPU
		{0F0AEE5B-A2B6-4567-AB23-3CAFD39FEF2A}.Debug|x64.Build.0 = Debug|Any CPU
		{0F0AEE5B-A2B6-4567-AB23-3CAFD39FEF2A}.Debug|x86.ActiveCfg = Debug|Any CPU
		{0F0AEE5B-A2B6-4567-AB23-3CAFD39FEF2A}.Debug|x86.Build.0 = Debug|Any CPU
		{0F0AEE5B-A2B6-4567-AB23-3CAFD39FEF2A}.Release|Any CPU.ActiveCfg = Release|Any CPU
		{0F0AEE5B-A2B6-4567-AB23-3CAFD39FEF2A}.Release|Any CPU.Build.0 = Release|Any CPU
		{0F0AEE5B-A2B6-4567-AB23-3CAFD39FEF2A}.Release|x64.ActiveCfg = Release|Any CPU
		{0F0AEE5B-A2B6-4567-AB23-3CAFD39FEF2A}.Release|x64.Build.0 = Release|Any CPU
		{0F0AEE5B-A2B6-4567-AB23-3CAFD39FEF2A}.Release|x86.ActiveCfg = Release|Any CPU
		{0F0AEE5B-A2B6-4567-AB23-3CAFD39FEF2A}.Release|x86.Build.0 = Release|Any CPU
		{905557DB-3AB6-4F4F-8AA5-011FE1B30F34}.Debug|Any CPU.ActiveCfg = Debug|Any CPU
		{905557DB-3AB6-4F4F-8AA5-011FE1B30F34}.Debug|Any CPU.Build.0 = Debug|Any CPU
		{905557DB-3AB6-4F4F-8AA5-011FE1B30F34}.Debug|x64.ActiveCfg = Debug|Any CPU
		{905557DB-3AB6-4F4F-8AA5-011FE1B30F34}.Debug|x64.Build.0 = Debug|Any CPU
		{905557DB-3AB6-4F4F-8AA5-011FE1B30F34}.Debug|x86.ActiveCfg = Debug|Any CPU
		{905557DB-3AB6-4F4F-8AA5-011FE1B30F34}.Debug|x86.Build.0 = Debug|Any CPU
		{905557DB-3AB6-4F4F-8AA5-011FE1B30F34}.Release|Any CPU.ActiveCfg = Release|Any CPU
		{905557DB-3AB6-4F4F-8AA5-011FE1B30F34}.Release|Any CPU.Build.0 = Release|Any CPU
		{905557DB-3AB6-4F4F-8AA5-011FE1B30F34}.Release|x64.ActiveCfg = Release|Any CPU
		{905557DB-3AB6-4F4F-8AA5-011FE1B30F34}.Release|x64.Build.0 = Release|Any CPU
		{905557DB-3AB6-4F4F-8AA5-011FE1B30F34}.Release|x86.ActiveCfg = Release|Any CPU
		{905557DB-3AB6-4F4F-8AA5-011FE1B30F34}.Release|x86.Build.0 = Release|Any CPU
		{869D0C2A-8EC9-4CB6-A316-78056CA556D2}.Debug|Any CPU.ActiveCfg = Debug|Any CPU
		{869D0C2A-8EC9-4CB6-A316-78056CA556D2}.Debug|Any CPU.Build.0 = Debug|Any CPU
		{869D0C2A-8EC9-4CB6-A316-78056CA556D2}.Debug|x64.ActiveCfg = Debug|Any CPU
		{869D0C2A-8EC9-4CB6-A316-78056CA556D2}.Debug|x64.Build.0 = Debug|Any CPU
		{869D0C2A-8EC9-4CB6-A316-78056CA556D2}.Debug|x86.ActiveCfg = Debug|Any CPU
		{869D0C2A-8EC9-4CB6-A316-78056CA556D2}.Debug|x86.Build.0 = Debug|Any CPU
		{869D0C2A-8EC9-4CB6-A316-78056CA556D2}.Release|Any CPU.ActiveCfg = Release|Any CPU
		{869D0C2A-8EC9-4CB6-A316-78056CA556D2}.Release|Any CPU.Build.0 = Release|Any CPU
		{869D0C2A-8EC9-4CB6-A316-78056CA556D2}.Release|x64.ActiveCfg = Release|Any CPU
		{869D0C2A-8EC9-4CB6-A316-78056CA556D2}.Release|x64.Build.0 = Release|Any CPU
		{869D0C2A-8EC9-4CB6-A316-78056CA556D2}.Release|x86.ActiveCfg = Release|Any CPU
		{869D0C2A-8EC9-4CB6-A316-78056CA556D2}.Release|x86.Build.0 = Release|Any CPU
		{D8853E9C-8A37-4928-B2B3-3B29871B24F9}.Debug|Any CPU.ActiveCfg = Debug|Any CPU
		{D8853E9C-8A37-4928-B2B3-3B29871B24F9}.Debug|Any CPU.Build.0 = Debug|Any CPU
		{D8853E9C-8A37-4928-B2B3-3B29871B24F9}.Debug|x64.ActiveCfg = Debug|Any CPU
		{D8853E9C-8A37-4928-B2B3-3B29871B24F9}.Debug|x64.Build.0 = Debug|Any CPU
		{D8853E9C-8A37-4928-B2B3-3B29871B24F9}.Debug|x86.ActiveCfg = Debug|Any CPU
		{D8853E9C-8A37-4928-B2B3-3B29871B24F9}.Debug|x86.Build.0 = Debug|Any CPU
		{D8853E9C-8A37-4928-B2B3-3B29871B24F9}.Release|Any CPU.ActiveCfg = Release|Any CPU
		{D8853E9C-8A37-4928-B2B3-3B29871B24F9}.Release|Any CPU.Build.0 = Release|Any CPU
		{D8853E9C-8A37-4928-B2B3-3B29871B24F9}.Release|x64.ActiveCfg = Release|Any CPU
		{D8853E9C-8A37-4928-B2B3-3B29871B24F9}.Release|x64.Build.0 = Release|Any CPU
		{D8853E9C-8A37-4928-B2B3-3B29871B24F9}.Release|x86.ActiveCfg = Release|Any CPU
		{D8853E9C-8A37-4928-B2B3-3B29871B24F9}.Release|x86.Build.0 = Release|Any CPU
		{8FED3D81-B17C-49F8-920C-78FA3767A831}.Debug|Any CPU.ActiveCfg = Debug|Any CPU
		{8FED3D81-B17C-49F8-920C-78FA3767A831}.Debug|Any CPU.Build.0 = Debug|Any CPU
		{8FED3D81-B17C-49F8-920C-78FA3767A831}.Debug|x64.ActiveCfg = Debug|Any CPU
		{8FED3D81-B17C-49F8-920C-78FA3767A831}.Debug|x64.Build.0 = Debug|Any CPU
		{8FED3D81-B17C-49F8-920C-78FA3767A831}.Debug|x86.ActiveCfg = Debug|Any CPU
		{8FED3D81-B17C-49F8-920C-78FA3767A831}.Debug|x86.Build.0 = Debug|Any CPU
		{8FED3D81-B17C-49F8-920C-78FA3767A831}.Release|Any CPU.ActiveCfg = Release|Any CPU
		{8FED3D81-B17C-49F8-920C-78FA3767A831}.Release|Any CPU.Build.0 = Release|Any CPU
		{8FED3D81-B17C-49F8-920C-78FA3767A831}.Release|x64.ActiveCfg = Release|Any CPU
		{8FED3D81-B17C-49F8-920C-78FA3767A831}.Release|x64.Build.0 = Release|Any CPU
		{8FED3D81-B17C-49F8-920C-78FA3767A831}.Release|x86.ActiveCfg = Release|Any CPU
		{8FED3D81-B17C-49F8-920C-78FA3767A831}.Release|x86.Build.0 = Release|Any CPU
		{034FA942-A3CF-4033-97F0-E1F86A6EC365}.Debug|Any CPU.ActiveCfg = Debug|Any CPU
		{034FA942-A3CF-4033-97F0-E1F86A6EC365}.Debug|Any CPU.Build.0 = Debug|Any CPU
		{034FA942-A3CF-4033-97F0-E1F86A6EC365}.Debug|x64.ActiveCfg = Debug|Any CPU
		{034FA942-A3CF-4033-97F0-E1F86A6EC365}.Debug|x64.Build.0 = Debug|Any CPU
		{034FA942-A3CF-4033-97F0-E1F86A6EC365}.Debug|x86.ActiveCfg = Debug|Any CPU
		{034FA942-A3CF-4033-97F0-E1F86A6EC365}.Debug|x86.Build.0 = Debug|Any CPU
		{034FA942-A3CF-4033-97F0-E1F86A6EC365}.Release|Any CPU.ActiveCfg = Release|Any CPU
		{034FA942-A3CF-4033-97F0-E1F86A6EC365}.Release|Any CPU.Build.0 = Release|Any CPU
		{034FA942-A3CF-4033-97F0-E1F86A6EC365}.Release|x64.ActiveCfg = Release|Any CPU
		{034FA942-A3CF-4033-97F0-E1F86A6EC365}.Release|x64.Build.0 = Release|Any CPU
		{034FA942-A3CF-4033-97F0-E1F86A6EC365}.Release|x86.ActiveCfg = Release|Any CPU
		{034FA942-A3CF-4033-97F0-E1F86A6EC365}.Release|x86.Build.0 = Release|Any CPU
		{6DC323D5-1964-47AD-8ED5-35AF6F65A022}.Debug|Any CPU.ActiveCfg = Debug|Any CPU
		{6DC323D5-1964-47AD-8ED5-35AF6F65A022}.Debug|Any CPU.Build.0 = Debug|Any CPU
		{6DC323D5-1964-47AD-8ED5-35AF6F65A022}.Debug|x64.ActiveCfg = Debug|Any CPU
		{6DC323D5-1964-47AD-8ED5-35AF6F65A022}.Debug|x64.Build.0 = Debug|Any CPU
		{6DC323D5-1964-47AD-8ED5-35AF6F65A022}.Debug|x86.ActiveCfg = Debug|Any CPU
		{6DC323D5-1964-47AD-8ED5-35AF6F65A022}.Debug|x86.Build.0 = Debug|Any CPU
		{6DC323D5-1964-47AD-8ED5-35AF6F65A022}.Release|Any CPU.ActiveCfg = Release|Any CPU
		{6DC323D5-1964-47AD-8ED5-35AF6F65A022}.Release|Any CPU.Build.0 = Release|Any CPU
		{6DC323D5-1964-47AD-8ED5-35AF6F65A022}.Release|x64.ActiveCfg = Release|Any CPU
		{6DC323D5-1964-47AD-8ED5-35AF6F65A022}.Release|x64.Build.0 = Release|Any CPU
		{6DC323D5-1964-47AD-8ED5-35AF6F65A022}.Release|x86.ActiveCfg = Release|Any CPU
		{6DC323D5-1964-47AD-8ED5-35AF6F65A022}.Release|x86.Build.0 = Release|Any CPU
		{527C81E9-AB12-4B84-A13C-AC6963E120BD}.Debug|Any CPU.ActiveCfg = Debug|Any CPU
		{527C81E9-AB12-4B84-A13C-AC6963E120BD}.Debug|Any CPU.Build.0 = Debug|Any CPU
		{527C81E9-AB12-4B84-A13C-AC6963E120BD}.Debug|x64.ActiveCfg = Debug|Any CPU
		{527C81E9-AB12-4B84-A13C-AC6963E120BD}.Debug|x64.Build.0 = Debug|Any CPU
		{527C81E9-AB12-4B84-A13C-AC6963E120BD}.Debug|x86.ActiveCfg = Debug|Any CPU
		{527C81E9-AB12-4B84-A13C-AC6963E120BD}.Debug|x86.Build.0 = Debug|Any CPU
		{527C81E9-AB12-4B84-A13C-AC6963E120BD}.Release|Any CPU.ActiveCfg = Release|Any CPU
		{527C81E9-AB12-4B84-A13C-AC6963E120BD}.Release|Any CPU.Build.0 = Release|Any CPU
		{527C81E9-AB12-4B84-A13C-AC6963E120BD}.Release|x64.ActiveCfg = Release|Any CPU
		{527C81E9-AB12-4B84-A13C-AC6963E120BD}.Release|x64.Build.0 = Release|Any CPU
		{527C81E9-AB12-4B84-A13C-AC6963E120BD}.Release|x86.ActiveCfg = Release|Any CPU
		{527C81E9-AB12-4B84-A13C-AC6963E120BD}.Release|x86.Build.0 = Release|Any CPU
	EndGlobalSection
	GlobalSection(SolutionProperties) = preSolution
		HideSolutionNode = FALSE
	EndGlobalSection
	GlobalSection(NestedProjects) = preSolution
		{0F0AEE5B-A2B6-4567-AB23-3CAFD39FEF2A} = {827E0CD3-B72D-47B6-A68D-7590B98EB39B}
		{905557DB-3AB6-4F4F-8AA5-011FE1B30F34} = {827E0CD3-B72D-47B6-A68D-7590B98EB39B}
		{869D0C2A-8EC9-4CB6-A316-78056CA556D2} = {827E0CD3-B72D-47B6-A68D-7590B98EB39B}
		{D8853E9C-8A37-4928-B2B3-3B29871B24F9} = {827E0CD3-B72D-47B6-A68D-7590B98EB39B}
		{8FED3D81-B17C-49F8-920C-78FA3767A831} = {0AB3BF05-4346-4AA6-1389-037BE0695223}
		{034FA942-A3CF-4033-97F0-E1F86A6EC365} = {0AB3BF05-4346-4AA6-1389-037BE0695223}
		{6DC323D5-1964-47AD-8ED5-35AF6F65A022} = {0AB3BF05-4346-4AA6-1389-037BE0695223}
		{527C81E9-AB12-4B84-A13C-AC6963E120BD} = {0AB3BF05-4346-4AA6-1389-037BE0695223}
	EndGlobalSection
EndGlobal
